<?xml version="1.0" encoding="utf-8"?>
<Project ToolsVersion="4.0" xmlns="http://schemas.microsoft.com/developer/msbuild/2003">
  <ItemGroup>
    <Filter Include="examples">
      <UniqueIdentifier>{7AFE9945-5D8C-3049-9186-FAB6E34EA601}</UniqueIdentifier>
    </Filter>
    <Filter Include="examples\ThirdPartyLibs">
      <UniqueIdentifier>{A993E832-7005-584E-B167-143AFD89C049}</UniqueIdentifier>
    </Filter>
    <Filter Include="examples\ThirdPartyLibs\BussIK">
      <UniqueIdentifier>{68D04B31-7ED5-0645-BD64-E8DC68CFB345}</UniqueIdentifier>
    </Filter>
  </ItemGroup>
  <ItemGroup>
    <ClInclude Include="..\..\examples\ThirdPartyLibs\BussIK\Jacobian.h">
      <Filter>examples\ThirdPartyLibs\BussIK</Filter>
    </ClInclude>
    <ClInclude Include="..\..\examples\ThirdPartyLibs\BussIK\LinearR2.h">
      <Filter>examples\ThirdPartyLibs\BussIK</Filter>
    </ClInclude>
    <ClInclude Include="..\..\examples\ThirdPartyLibs\BussIK\LinearR3.h">
      <Filter>examples\ThirdPartyLibs\BussIK</Filter>
    </ClInclude>
    <ClInclude Include="..\..\examples\ThirdPartyLibs\BussIK\LinearR4.h">
      <Filter>examples\ThirdPartyLibs\BussIK</Filter>
    </ClInclude>
    <ClInclude Include="..\..\examples\ThirdPartyLibs\BussIK\MathMisc.h">
      <Filter>examples\ThirdPartyLibs\BussIK</Filter>
    </ClInclude>
    <ClInclude Include="..\..\examples\ThirdPartyLibs\BussIK\MatrixRmn.h">
      <Filter>examples\ThirdPartyLibs\BussIK</Filter>
    </ClInclude>
    <ClInclude Include="..\..\examples\ThirdPartyLibs\BussIK\Node.h">
      <Filter>examples\ThirdPartyLibs\BussIK</Filter>
    </ClInclude>
    <ClInclude Include="..\..\examples\ThirdPartyLibs\BussIK\Spherical.h">
      <Filter>examples\ThirdPartyLibs\BussIK</Filter>
    </ClInclude>
    <ClInclude Include="..\..\examples\ThirdPartyLibs\BussIK\Tree.h">
      <Filter>examples\ThirdPartyLibs\BussIK</Filter>
    </ClInclude>
    <ClInclude Include="..\..\examples\ThirdPartyLibs\BussIK\VectorRn.h">
      <Filter>examples\ThirdPartyLibs\BussIK</Filter>
    </ClInclude>
  </ItemGroup>
  <ItemGroup>
    <ClCompile Include="..\..\examples\ThirdPartyLibs\BussIK\Jacobian.cpp">
      <Filter>examples\ThirdPartyLibs\BussIK</Filter>
    </ClCompile>
    <ClCompile Include="..\..\examples\ThirdPartyLibs\BussIK\LinearR2.cpp">
      <Filter>examples\ThirdPartyLibs\BussIK</Filter>
    </ClCompile>
    <ClCompile Include="..\..\examples\ThirdPartyLibs\BussIK\LinearR3.cpp">
      <Filter>examples\ThirdPartyLibs\BussIK</Filter>
    </ClCompile>
    <ClCompile Include="..\..\examples\ThirdPartyLibs\BussIK\LinearR4.cpp">
      <Filter>examples\ThirdPartyLibs\BussIK</Filter>
    </ClCompile>
    <ClCompile Include="..\..\examples\ThirdPartyLibs\BussIK\MatrixRmn.cpp">
      <Filter>examples\ThirdPartyLibs\BussIK</Filter>
    </ClCompile>
    <ClCompile Include="..\..\examples\ThirdPartyLibs\BussIK\Misc.cpp">
      <Filter>examples\ThirdPartyLibs\BussIK</Filter>
    </ClCompile>
    <ClCompile Include="..\..\examples\ThirdPartyLibs\BussIK\Node.cpp">
      <Filter>examples\ThirdPartyLibs\BussIK</Filter>
    </ClCompile>
    <ClCompile Include="..\..\examples\ThirdPartyLibs\BussIK\Tree.cpp">
      <Filter>examples\ThirdPartyLibs\BussIK</Filter>
    </ClCompile>
    <ClCompile Include="..\..\examples\ThirdPartyLibs\BussIK\VectorRn.cpp">
      <Filter>examples\ThirdPartyLibs\BussIK</Filter>
    </ClCompile>
  </ItemGroup>
</Project>
