<?xml version="1.0" encoding="utf-8"?>
<Project ToolsVersion="4.0" xmlns="http://schemas.microsoft.com/developer/msbuild/2003">
  <ItemGroup>
    <Filter Include="examples">
      <UniqueIdentifier>{363B5657-7FAF-6543-932D-449776CCB1C6}</UniqueIdentifier>
    </Filter>
    <Filter Include="examples\ThirdPartyLibs">
      <UniqueIdentifier>{FCC014A8-7551-1840-8DA2-489DE7E34B5F}</UniqueIdentifier>
    </Filter>
    <Filter Include="examples\ThirdPartyLibs\clsocket">
      <UniqueIdentifier>{76B63B8F-8878-8246-BBB8-F2D59879F55E}</UniqueIdentifier>
    </Filter>
    <Filter Include="examples\ThirdPartyLibs\clsocket\src">
      <UniqueIdentifier>{09188D1B-2513-A54E-A1AF-1E04084B0399}</UniqueIdentifier>
    </Filter>
  </ItemGroup>
  <ItemGroup>
    <ClInclude Include="..\..\examples\ThirdPartyLibs\clsocket\src\ActiveSocket.h">
      <Filter>examples\ThirdPartyLibs\clsocket\src</Filter>
    </ClInclude>
    <ClInclude Include="..\..\examples\ThirdPartyLibs\clsocket\src\Host.h">
      <Filter>examples\ThirdPartyLibs\clsocket\src</Filter>
    </ClInclude>
    <ClInclude Include="..\..\examples\ThirdPartyLibs\clsocket\src\PassiveSocket.h">
      <Filter>examples\ThirdPartyLibs\clsocket\src</Filter>
    </ClInclude>
    <ClInclude Include="..\..\examples\ThirdPartyLibs\clsocket\src\SimpleSocket.h">
      <Filter>examples\ThirdPartyLibs\clsocket\src</Filter>
    </ClInclude>
    <ClInclude Include="..\..\examples\ThirdPartyLibs\clsocket\src\StatTimer.h">
      <Filter>examples\ThirdPartyLibs\clsocket\src</Filter>
    </ClInclude>
  </ItemGroup>
  <ItemGroup>
    <ClCompile Include="..\..\examples\ThirdPartyLibs\clsocket\src\SimpleSocket.cpp">
      <Filter>examples\ThirdPartyLibs\clsocket\src</Filter>
    </ClCompile>
    <ClCompile Include="..\..\examples\ThirdPartyLibs\clsocket\src\ActiveSocket.cpp">
      <Filter>examples\ThirdPartyLibs\clsocket\src</Filter>
    </ClCompile>
    <ClCompile Include="..\..\examples\ThirdPartyLibs\clsocket\src\PassiveSocket.cpp">
      <Filter>examples\ThirdPartyLibs\clsocket\src</Filter>
    </ClCompile>
  </ItemGroup>
</Project>
