<?xml version="1.0" encoding="utf-8"?>
<Project ToolsVersion="4.0" xmlns="http://schemas.microsoft.com/developer/msbuild/2003">
  <ItemGroup>
    <Filter Include="test">
      <UniqueIdentifier>{F7FF63DA-B034-824F-8A20-14A95CAC5B40}</UniqueIdentifier>
    </Filter>
    <Filter Include="test\gtest-1.7.0">
      <UniqueIdentifier>{B9498C3D-EADF-9F44-88F0-F39EBB29D437}</UniqueIdentifier>
    </Filter>
    <Filter Include="test\gtest-1.7.0\src">
      <UniqueIdentifier>{13A875BD-88C8-8747-B7C7-33F9C3F9BE76}</UniqueIdentifier>
    </Filter>
  </ItemGroup>
  <ItemGroup>
    <ClCompile Include="..\..\test\gtest-1.7.0\src\gtest-all.cc">
      <Filter>test\gtest-1.7.0\src</Filter>
    </ClCompile>
  </ItemGroup>
</Project>
