<?xml version="1.0" encoding="utf-8"?>
<Project ToolsVersion="4.0" xmlns="http://schemas.microsoft.com/developer/msbuild/2003">
  <ItemGroup>
    <Filter Include="Extras">
      <UniqueIdentifier>{1C0A3FBF-E24E-BB4C-B47F-F2C1E60A79A2}</UniqueIdentifier>
    </Filter>
    <Filter Include="Extras\HACD">
      <UniqueIdentifier>{B11E59DA-2309-1345-985D-3D23134E297A}</UniqueIdentifier>
    </Filter>
  </ItemGroup>
  <ItemGroup>
    <ClInclude Include="..\..\Extras\HACD\hacdCircularList.h">
      <Filter>Extras\HACD</Filter>
    </ClInclude>
    <ClInclude Include="..\..\Extras\HACD\hacdGraph.h">
      <Filter>Extras\HACD</Filter>
    </ClInclude>
    <ClInclude Include="..\..\Extras\HACD\hacdHACD.h">
      <Filter>Extras\HACD</Filter>
    </ClInclude>
    <ClInclude Include="..\..\Extras\HACD\hacdICHull.h">
      <Filter>Extras\HACD</Filter>
    </ClInclude>
    <ClInclude Include="..\..\Extras\HACD\hacdManifoldMesh.h">
      <Filter>Extras\HACD</Filter>
    </ClInclude>
    <ClInclude Include="..\..\Extras\HACD\hacdVector.h">
      <Filter>Extras\HACD</Filter>
    </ClInclude>
    <ClInclude Include="..\..\Extras\HACD\hacdVersion.h">
      <Filter>Extras\HACD</Filter>
    </ClInclude>
  </ItemGroup>
  <ItemGroup>
    <ClCompile Include="..\..\Extras\HACD\hacdGraph.cpp">
      <Filter>Extras\HACD</Filter>
    </ClCompile>
    <ClCompile Include="..\..\Extras\HACD\hacdHACD.cpp">
      <Filter>Extras\HACD</Filter>
    </ClCompile>
    <ClCompile Include="..\..\Extras\HACD\hacdICHull.cpp">
      <Filter>Extras\HACD</Filter>
    </ClCompile>
    <ClCompile Include="..\..\Extras\HACD\hacdManifoldMesh.cpp">
      <Filter>Extras\HACD</Filter>
    </ClCompile>
  </ItemGroup>
</Project>
