<?xml version="1.0" encoding="utf-8"?>
<Project ToolsVersion="4.0" xmlns="http://schemas.microsoft.com/developer/msbuild/2003">
  <ItemGroup>
    <Filter Include="test">
      <UniqueIdentifier>{0AE8CF22-0992-E84C-9C03-FDBAE83026A6}</UniqueIdentifier>
    </Filter>
    <Filter Include="test\enet">
      <UniqueIdentifier>{4DACB9D6-C781-0145-93B7-0E585EA04D64}</UniqueIdentifier>
    </Filter>
    <Filter Include="test\enet\nat_punchthrough">
      <UniqueIdentifier>{8EFF19B0-A7FF-9D4A-849A-0B56B49CA071}</UniqueIdentifier>
    </Filter>
    <Filter Include="test\enet\nat_punchthrough\server">
      <UniqueIdentifier>{A076909D-D5E5-8542-B4E1-DAE67168F2A9}</UniqueIdentifier>
    </Filter>
  </ItemGroup>
  <ItemGroup>
    <ClCompile Include="..\..\test\enet\nat_punchthrough\server\main.cpp">
      <Filter>test\enet\nat_punchthrough\server</Filter>
    </ClCompile>
  </ItemGroup>
</Project>
