<?xml version="1.0" encoding="utf-8"?>
<Project ToolsVersion="4.0" xmlns="http://schemas.microsoft.com/developer/msbuild/2003">
  <ItemGroup>
    <Filter Include="test">
      <UniqueIdentifier>{A7AF1BA2-96EB-DA4D-95A5-BF4DB3048FFD}</UniqueIdentifier>
    </Filter>
    <Filter Include="test\collision">
      <UniqueIdentifier>{5025D58E-BC29-1042-AB06-C6E2AA6E75AC}</UniqueIdentifier>
    </Filter>
    <Filter Include="src">
      <UniqueIdentifier>{9B5F79E9-C47B-1642-A128-4BEB53CCB6E5}</UniqueIdentifier>
    </Filter>
    <Filter Include="src\BulletCollision">
      <UniqueIdentifier>{B9F30473-BA99-C146-9F62-7A1229C50DB2}</UniqueIdentifier>
    </Filter>
    <Filter Include="src\BulletCollision\NarrowPhaseCollision">
      <UniqueIdentifier>{4B1C9E6E-10F3-5641-A64F-B3136BD7B318}</UniqueIdentifier>
    </Filter>
    <Filter Include="src\BulletCollision\CollisionShapes">
      <UniqueIdentifier>{7DC01206-F0B5-404C-90C4-3A32121FB00D}</UniqueIdentifier>
    </Filter>
  </ItemGroup>
  <ItemGroup>
    <ClInclude Include="..\..\test\collision\btDistanceInfo.h">
      <Filter>test\collision</Filter>
    </ClInclude>
    <ClInclude Include="..\..\test\collision\SphereSphereCollision.h">
      <Filter>test\collision</Filter>
    </ClInclude>
    <ClInclude Include="..\..\src\BulletCollision\NarrowPhaseCollision\btVoronoiSimplexSolver.h">
      <Filter>src\BulletCollision\NarrowPhaseCollision</Filter>
    </ClInclude>
  </ItemGroup>
  <ItemGroup>
    <ClCompile Include="..\..\test\collision\main.cpp">
      <Filter>test\collision</Filter>
    </ClCompile>
    <ClCompile Include="..\..\src\BulletCollision\NarrowPhaseCollision\btVoronoiSimplexSolver.cpp">
      <Filter>src\BulletCollision\NarrowPhaseCollision</Filter>
    </ClCompile>
    <ClCompile Include="..\..\src\BulletCollision\CollisionShapes\btSphereShape.cpp">
      <Filter>src\BulletCollision\CollisionShapes</Filter>
    </ClCompile>
    <ClCompile Include="..\..\src\BulletCollision\CollisionShapes\btMultiSphereShape.cpp">
      <Filter>src\BulletCollision\CollisionShapes</Filter>
    </ClCompile>
    <ClCompile Include="..\..\src\BulletCollision\CollisionShapes\btPolyhedralConvexShape.cpp">
      <Filter>src\BulletCollision\CollisionShapes</Filter>
    </ClCompile>
    <ClCompile Include="..\..\src\BulletCollision\CollisionShapes\btConvexShape.cpp">
      <Filter>src\BulletCollision\CollisionShapes</Filter>
    </ClCompile>
    <ClCompile Include="..\..\src\BulletCollision\CollisionShapes\btConvexInternalShape.cpp">
      <Filter>src\BulletCollision\CollisionShapes</Filter>
    </ClCompile>
    <ClCompile Include="..\..\src\BulletCollision\CollisionShapes\btCollisionShape.cpp">
      <Filter>src\BulletCollision\CollisionShapes</Filter>
    </ClCompile>
    <ClCompile Include="..\..\src\BulletCollision\CollisionShapes\btConvexPolyhedron.cpp">
      <Filter>src\BulletCollision\CollisionShapes</Filter>
    </ClCompile>
  </ItemGroup>
</Project>
