<?xml version="1.0" encoding="utf-8"?>
<Project ToolsVersion="4.0" xmlns="http://schemas.microsoft.com/developer/msbuild/2003">
  <ItemGroup>
    <Filter Include="Extras">
      <UniqueIdentifier>{299A1575-A5D0-274E-8439-8DF8A2534C67}</UniqueIdentifier>
    </Filter>
    <Filter Include="Extras\VHACD">
      <UniqueIdentifier>{6BC7A98B-71B0-D84E-8E29-49576415E4CC}</UniqueIdentifier>
    </Filter>
    <Filter Include="Extras\VHACD\test">
      <UniqueIdentifier>{62C6607B-27FE-DA48-8235-E00753889E49}</UniqueIdentifier>
    </Filter>
    <Filter Include="Extras\VHACD\test\src">
      <UniqueIdentifier>{493A561D-9910-2643-8A10-5B030E8C88D4}</UniqueIdentifier>
    </Filter>
  </ItemGroup>
  <ItemGroup>
    <ClCompile Include="..\..\Extras\VHACD\test\src\main.cpp">
      <Filter>Extras\VHACD\test\src</Filter>
    </ClCompile>
    <ClCompile Include="..\..\Extras\VHACD\test\src\main_vhacd.cpp">
      <Filter>Extras\VHACD\test\src</Filter>
    </ClCompile>
  </ItemGroup>
</Project>
